// !$*UTF8*$!
{
	archiveVersion = 1;
	classes = {
	};
	objectVersion = 50;
	objects = {

/* Begin PBXBuildFile section */
		36E40D192576D52C00CDFA64 /* AppDelegate.m in Sources */ = {isa = PBXBuildFile; fileRef = 36E40D182576D52C00CDFA64 /* AppDelegate.m */; };
		36E40D1C2576D52C00CDFA64 /* SceneDelegate.m in Sources */ = {isa = PBXBuildFile; fileRef = 36E40D1B2576D52C00CDFA64 /* SceneDelegate.m */; };
		36E40D1F2576D52C00CDFA64 /* ViewController.m in Sources */ = {isa = PBXBuildFile; fileRef = 36E40D1E2576D52C00CDFA64 /* ViewController.m */; };
		36E40D222576D52C00CDFA64 /* Main.storyboard in Resources */ = {isa = PBXBuildFile; fileRef = 36E40D202576D52C00CDFA64 /* Main.storyboard */; };
		36E40D242576D52D00CDFA64 /* Assets.xcassets in Resources */ = {isa = PBXBuildFile; fileRef = 36E40D232576D52D00CDFA64 /* Assets.xcassets */; };
		36E40D272576D52D00CDFA64 /* LaunchScreen.storyboard in Resources */ = {isa = PBXBuildFile; fileRef = 36E40D252576D52D00CDFA64 /* LaunchScreen.storyboard */; };
		36E40D2A2576D52D00CDFA64 /* main.m in Sources */ = {isa = PBXBuildFile; fileRef = 36E40D292576D52D00CDFA64 /* main.m */; };
		36E40D342576D52D00CDFA64 /* BankersRoundingTests.m in Sources */ = {isa = PBXBuildFile; fileRef = 36E40D332576D52D00CDFA64 /* BankersRoundingTests.m */; };
/* End PBXBuildFile section */

/* Begin PBXContainerItemProxy section */
		36E40D302576D52D00CDFA64 /* PBXContainerItemProxy */ = {
			isa = PBXContainerItemProxy;
			containerPortal = 36E40D0C2576D52C00CDFA64 /* Project object */;
			proxyType = 1;
			remoteGlobalIDString = 36E40D132576D52C00CDFA64;
			remoteInfo = BankersRounding;
		};
/* End PBXContainerItemProxy section */

/* Begin PBXFileReference section */
		36E40D142576D52C00CDFA64 /* BankersRounding.app */ = {isa = PBXFileReference; explicitFileType = wrapper.application; includeInIndex = 0; path = BankersRounding.app; sourceTree = BUILT_PRODUCTS_DIR; };
		36E40D172576D52C00CDFA64 /* AppDelegate.h */ = {isa = PBXFileReference; lastKnownFileType = sourcecode.c.h; path = AppDelegate.h; sourceTree = "<group>"; };
		36E40D182576D52C00CDFA64 /* AppDelegate.m */ = {isa = PBXFileReference; lastKnownFileType = sourcecode.c.objc; path = AppDelegate.m; sourceTree = "<group>"; };
		36E40D1A2576D52C00CDFA64 /* SceneDelegate.h */ = {isa = PBXFileReference; lastKnownFileType = sourcecode.c.h; path = SceneDelegate.h; sourceTree = "<group>"; };
		36E40D1B2576D52C00CDFA64 /* SceneDelegate.m */ = {isa = PBXFileReference; lastKnownFileType = sourcecode.c.objc; path = SceneDelegate.m; sourceTree = "<group>"; };
		36E40D1D2576D52C00CDFA64 /* ViewController.h */ = {isa = PBXFileReference; lastKnownFileType = sourcecode.c.h; path = ViewController.h; sourceTree = "<group>"; };
		36E40D1E2576D52C00CDFA64 /* ViewController.m */ = {isa = PBXFileReference; lastKnownFileType = sourcecode.c.objc; path = ViewController.m; sourceTree = "<group>"; };
		36E40D212576D52C00CDFA64 /* Base */ = {isa = PBXFileReference; lastKnownFileType = file.storyboard; name = Base; path = Base.lproj/Main.storyboard; sourceTree = "<group>"; };
		36E40D232576D52D00CDFA64 /* Assets.xcassets */ = {isa = PBXFileReference; lastKnownFileType = folder.assetcatalog; path = Assets.xcassets; sourceTree = "<group>"; };
		36E40D262576D52D00CDFA64 /* Base */ = {isa = PBXFileReference; lastKnownFileType = file.storyboard; name = Base; path = Base.lproj/LaunchScreen.storyboard; sourceTree = "<group>"; };
		36E40D282576D52D00CDFA64 /* Info.plist */ = {isa = PBXFileReference; lastKnownFileType = text.plist.xml; path = Info.plist; sourceTree = "<group>"; };
		36E40D292576D52D00CDFA64 /* main.m */ = {isa = PBXFileReference; lastKnownFileType = sourcecode.c.objc; path = main.m; sourceTree = "<group>"; };
		36E40D2F2576D52D00CDFA64 /* BankersRoundingTests.xctest */ = {isa = PBXFileReference; explicitFileType = wrapper.cfbundle; includeInIndex = 0; path = BankersRoundingTests.xctest; sourceTree = BUILT_PRODUCTS_DIR; };
		36E40D332576D52D00CDFA64 /* BankersRoundingTests.m */ = {isa = PBXFileReference; lastKnownFileType = sourcecode.c.objc; path = BankersRoundingTests.m; sourceTree = "<group>"; };
		36E40D352576D52D00CDFA64 /* Info.plist */ = {isa = PBXFileReference; lastKnownFileType = text.plist.xml; path = Info.plist; sourceTree = "<group>"; };
/* End PBXFileReference section */

/* Begin PBXFrameworksBuildPhase section */
		36E40D112576D52C00CDFA64 /* Frameworks */ = {
			isa = PBXFrameworksBuildPhase;
			buildActionMask = 2147483647;
			files = (
			);
			runOnlyForDeploymentPostprocessing = 0;
		};
		36E40D2C2576D52D00CDFA64 /* Frameworks */ = {
			isa = PBXFrameworksBuildPhase;
			buildActionMask = 2147483647;
			files = (
			);
			runOnlyForDeploymentPostprocessing = 0;
		};
/* End PBXFrameworksBuildPhase section */

/* Begin PBXGroup section */
		36E40D0B2576D52C00CDFA64 = {
			isa = PBXGroup;
			children = (
				36E40D162576D52C00CDFA64 /* BankersRounding */,
				36E40D322576D52D00CDFA64 /* BankersRoundingTests */,
				36E40D152576D52C00CDFA64 /* Products */,
			);
			sourceTree = "<group>";
		};
		36E40D152576D52C00CDFA64 /* Products */ = {
			isa = PBXGroup;
			children = (
				36E40D142576D52C00CDFA64 /* BankersRounding.app */,
				36E40D2F2576D52D00CDFA64 /* BankersRoundingTests.xctest */,
			);
			name = Products;
			sourceTree = "<group>";
		};
		36E40D162576D52C00CDFA64 /* BankersRounding */ = {
			isa = PBXGroup;
			children = (
				36E40D172576D52C00CDFA64 /* AppDelegate.h */,
				36E40D182576D52C00CDFA64 /* AppDelegate.m */,
				36E40D1A2576D52C00CDFA64 /* SceneDelegate.h */,
				36E40D1B2576D52C00CDFA64 /* SceneDelegate.m */,
				36E40D1D2576D52C00CDFA64 /* ViewController.h */,
				36E40D1E2576D52C00CDFA64 /* ViewController.m */,
				36E40D202576D52C00CDFA64 /* Main.storyboard */,
				36E40D232576D52D00CDFA64 /* Assets.xcassets */,
				36E40D252576D52D00CDFA64 /* LaunchScreen.storyboard */,
				36E40D282576D52D00CDFA64 /* Info.plist */,
				36E40D292576D52D00CDFA64 /* main.m */,
			);
			path = BankersRounding;
			sourceTree = "<group>";
		};
		36E40D322576D52D00CDFA64 /* BankersRoundingTests */ = {
			isa = PBXGroup;
			children = (
				36E40D332576D52D00CDFA64 /* BankersRoundingTests.m */,
				36E40D352576D52D00CDFA64 /* Info.plist */,
			);
			path = BankersRoundingTests;
			sourceTree = "<group>";
		};
/* End PBXGroup section */

/* Begin PBXNativeTarget section */
		36E40D132576D52C00CDFA64 /* BankersRounding */ = {
			isa = PBXNativeTarget;
			buildConfigurationList = 36E40D382576D52D00CDFA64 /* Build configuration list for PBXNativeTarget "BankersRounding" */;
			buildPhases = (
				36E40D102576D52C00CDFA64 /* Sources */,
				36E40D112576D52C00CDFA64 /* Frameworks */,
				36E40D122576D52C00CDFA64 /* Resources */,
			);
			buildRules = (
			);
			dependencies = (
			);
			name = BankersRounding;
			productName = BankersRounding;
			productReference = 36E40D142576D52C00CDFA64 /* BankersRounding.app */;
			productType = "com.apple.product-type.application";
		};
		36E40D2E2576D52D00CDFA64 /* BankersRoundingTests */ = {
			isa = PBXNativeTarget;
			buildConfigurationList = 36E40D3B2576D52D00CDFA64 /* Build configuration list for PBXNativeTarget "BankersRoundingTests" */;
			buildPhases = (
				36E40D2B2576D52D00CDFA64 /* Sources */,
				36E40D2C2576D52D00CDFA64 /* Frameworks */,
				36E40D2D2576D52D00CDFA64 /* Resources */,
			);
			buildRules = (
			);
			dependencies = (
				36E40D312576D52D00CDFA64 /* PBXTargetDependency */,
			);
			name = BankersRoundingTests;
			productName = BankersRoundingTests;
			productReference = 36E40D2F2576D52D00CDFA64 /* BankersRoundingTests.xctest */;
			productType = "com.apple.product-type.bundle.unit-test";
		};
/* End PBXNativeTarget section */

/* Begin PBXProject section */
		36E40D0C2576D52C00CDFA64 /* Project object */ = {
			isa = PBXProject;
			attributes = {
				LastUpgradeCheck = 1160;
				ORGANIZATIONNAME = "Justin Steffen";
				TargetAttributes = {
					36E40D132576D52C00CDFA64 = {
						CreatedOnToolsVersion = 11.6;
					};
					36E40D2E2576D52D00CDFA64 = {
						CreatedOnToolsVersion = 11.6;
						TestTargetID = 36E40D132576D52C00CDFA64;
					};
				};
			};
			buildConfigurationList = 36E40D0F2576D52C00CDFA64 /* Build configuration list for PBXProject "BankersRounding" */;
			compatibilityVersion = "Xcode 9.3";
			developmentRegion = en;
			hasScannedForEncodings = 0;
			knownRegions = (
				en,
				Base,
			);
			mainGroup = 36E40D0B2576D52C00CDFA64;
			productRefGroup = 36E40D152576D52C00CDFA64 /* Products */;
			projectDirPath = "";
			projectRoot = "";
			targets = (
				36E40D132576D52C00CDFA64 /* BankersRounding */,
				36E40D2E2576D52D00CDFA64 /* BankersRoundingTests */,
			);
		};
/* End PBXProject section */

/* Begin PBXResourcesBuildPhase section */
		36E40D122576D52C00CDFA64 /* Resources */ = {
			isa = PBXResourcesBuildPhase;
			buildActionMask = 2147483647;
			files = (
				36E40D272576D52D00CDFA64 /* LaunchScreen.storyboard in Resources */,
				36E40D242576D52D00CDFA64 /* Assets.xcassets in Resources */,
				36E40D222576D52C00CDFA64 /* Main.storyboard in Resources */,
			);
			runOnlyForDeploymentPostprocessing = 0;
		};
		36E40D2D2576D52D00CDFA64 /* Resources */ = {
			isa = PBXResourcesBuildPhase;
			buildActionMask = 2147483647;
			files = (
			);
			runOnlyForDeploymentPostprocessing = 0;
		};
/* End PBXResourcesBuildPhase section */

/* Begin PBXSourcesBuildPhase section */
		36E40D102576D52C00CDFA64 /* Sources */ = {
			isa = PBXSourcesBuildPhase;
			buildActionMask = 2147483647;
			files = (
				36E40D1F2576D52C00CDFA64 /* ViewController.m in Sources */,
				36E40D192576D52C00CDFA64 /* AppDelegate.m in Sources */,
				36E40D2A2576D52D00CDFA64 /* main.m in Sources */,
				36E40D1C2576D52C00CDFA64 /* SceneDelegate.m in Sources */,
			);
			runOnlyForDeploymentPostprocessing = 0;
		};
		36E40D2B2576D52D00CDFA64 /* Sources */ = {
			isa = PBXSourcesBuildPhase;
			buildActionMask = 2147483647;
			files = (
				36E40D342576D52D00CDFA64 /* BankersRoundingTests.m in Sources */,
			);
			runOnlyForDeploymentPostprocessing = 0;
		};
/* End PBXSourcesBuildPhase section */

/* Begin PBXTargetDependency section */
		36E40D312576D52D00CDFA64 /* PBXTargetDependency */ = {
			isa = PBXTargetDependency;
			target = 36E40D132576D52C00CDFA64 /* BankersRounding */;
			targetProxy = 36E40D302576D52D00CDFA64 /* PBXContainerItemProxy */;
		};
/* End PBXTargetDependency section */

/* Begin PBXVariantGroup section */
		36E40D202576D52C00CDFA64 /* Main.storyboard */ = {
			isa = PBXVariantGroup;
			children = (
				36E40D212576D52C00CDFA64 /* Base */,
			);
			name = Main.storyboard;
			sourceTree = "<group>";
		};
		36E40D252576D52D00CDFA64 /* LaunchScreen.storyboard */ = {
			isa = PBXVariantGroup;
			children = (
				36E40D262576D52D00CDFA64 /* Base */,
			);
			name = LaunchScreen.storyboard;
			sourceTree = "<group>";
		};
/* End PBXVariantGroup section */

/* Begin XCBuildConfiguration section */
		36E40D362576D52D00CDFA64 /* Debug */ = {
			isa = XCBuildConfiguration;
			buildSettings = {
				ALWAYS_SEARCH_USER_PATHS = NO;
				CLANG_ANALYZER_NONNULL = YES;
				CLANG_ANALYZER_NUMBER_OBJECT_CONVERSION = YES_AGGRESSIVE;
				CLANG_CXX_LANGUAGE_STANDARD = "gnu++14";
				CLANG_CXX_LIBRARY = "libc++";
				CLANG_ENABLE_MODULES = YES;
				CLANG_ENABLE_OBJC_ARC = YES;
				CLANG_ENABLE_OBJC_WEAK = YES;
				CLANG_WARN_BLOCK_CAPTURE_AUTORELEASING = YES;
				CLANG_WARN_BOOL_CONVERSION = YES;
				CLANG_WARN_COMMA = YES;
				CLANG_WARN_CONSTANT_CONVERSION = YES;
				CLANG_WARN_DEPRECATED_OBJC_IMPLEMENTATIONS = YES;
				CLANG_WARN_DIRECT_OBJC_ISA_USAGE = YES_ERROR;
				CLANG_WARN_DOCUMENTATION_COMMENTS = YES;
				CLANG_WARN_EMPTY_BODY = YES;
				CLANG_WARN_ENUM_CONVERSION = YES;
				CLANG_WARN_INFINITE_RECURSION = YES;
				CLANG_WARN_INT_CONVERSION = YES;
				CLANG_WARN_NON_LITERAL_NULL_CONVERSION = YES;
				CLANG_WARN_OBJC_IMPLICIT_RETAIN_SELF = YES;
				CLANG_WARN_OBJC_LITERAL_CONVERSION = YES;
				CLANG_WARN_OBJC_ROOT_CLASS = YES_ERROR;
				CLANG_WARN_RANGE_LOOP_ANALYSIS = YES;
				CLANG_WARN_STRICT_PROTOTYPES = YES;
				CLANG_WARN_SUSPICIOUS_MOVE = YES;
				CLANG_WARN_UNGUARDED_AVAILABILITY = YES_AGGRESSIVE;
				CLANG_WARN_UNREACHABLE_CODE = YES;
				CLANG_WARN__DUPLICATE_METHOD_MATCH = YES;
				COPY_PHASE_STRIP = NO;
				DEBUG_INFORMATION_FORMAT = dwarf;
				ENABLE_STRICT_OBJC_MSGSEND = YES;
				ENABLE_TESTABILITY = YES;
				GCC_C_LANGUAGE_STANDARD = gnu11;
				GCC_DYNAMIC_NO_PIC = NO;
				GCC_NO_COMMON_BLOCKS = YES;
				GCC_OPTIMIZATION_LEVEL = 0;
				GCC_PREPROCESSOR_DEFINITIONS = (
					"DEBUG=1",
					"$(inherited)",
				);
				GCC_WARN_64_TO_32_BIT_CONVERSION = YES;
				GCC_WARN_ABOUT_RETURN_TYPE = YES_ERROR;
				GCC_WARN_UNDECLARED_SELECTOR = YES;
				GCC_WARN_UNINITIALIZED_AUTOS = YES_AGGRESSIVE;
				GCC_WARN_UNUSED_FUNCTION = YES;
				GCC_WARN_UNUSED_VARIABLE = YES;
				IPHONEOS_DEPLOYMENT_TARGET = 13.6;
				MTL_ENABLE_DEBUG_INFO = INCLUDE_SOURCE;
				MTL_FAST_MATH = YES;
				ONLY_ACTIVE_ARCH = YES;
				SDKROOT = iphoneos;
			};
			name = Debug;
		};
		36E40D372576D52D00CDFA64 /* Release */ = {
			isa = XCBuildConfiguration;
			buildSettings = {
				ALWAYS_SEARCH_USER_PATHS = NO;
				CLANG_ANALYZER_NONNULL = YES;
				CLANG_ANALYZER_NUMBER_OBJECT_CONVERSION = YES_AGGRESSIVE;
				CLANG_CXX_LANGUAGE_STANDARD = "gnu++14";
				CLANG_CXX_LIBRARY = "libc++";
				CLANG_ENABLE_MODULES = YES;
				CLANG_ENABLE_OBJC_ARC = YES;
				CLANG_ENABLE_OBJC_WEAK = YES;
				CLANG_WARN_BLOCK_CAPTURE_AUTORELEASING = YES;
				CLANG_WARN_BOOL_CONVERSION = YES;
				CLANG_WARN_COMMA = YES;
				CLANG_WARN_CONSTANT_CONVERSION = YES;
				CLANG_WARN_DEPRECATED_OBJC_IMPLEMENTATIONS = YES;
				CLANG_WARN_DIRECT_OBJC_ISA_USAGE = YES_ERROR;
				CLANG_WARN_DOCUMENTATION_COMMENTS = YES;
				CLANG_WARN_EMPTY_BODY = YES;
				CLANG_WARN_ENUM_CONVERSION = YES;
				CLANG_WARN_INFINITE_RECURSION = YES;
				CLANG_WARN_INT_CONVERSION = YES;
				CLANG_WARN_NON_LITERAL_NULL_CONVERSION = YES;
				CLANG_WARN_OBJC_IMPLICIT_RETAIN_SELF = YES;
				CLANG_WARN_OBJC_LITERAL_CONVERSION = YES;
				CLANG_WARN_OBJC_ROOT_CLASS = YES_ERROR;
				CLANG_WARN_RANGE_LOOP_ANALYSIS = YES;
				CLANG_WARN_STRICT_PROTOTYPES = YES;
				CLANG_WARN_SUSPICIOUS_MOVE = YES;
				CLANG_WARN_UNGUARDED_AVAILABILITY = YES_AGGRESSIVE;
				CLANG_WARN_UNREACHABLE_CODE = YES;
				CLANG_WARN__DUPLICATE_METHOD_MATCH = YES;
				COPY_PHASE_STRIP = NO;
				DEBUG_INFORMATION_FORMAT = "dwarf-with-dsym";
				ENABLE_NS_ASSERTIONS = NO;
				ENABLE_STRICT_OBJC_MSGSEND = YES;
				GCC_C_LANGUAGE_STANDARD = gnu11;
				GCC_NO_COMMON_BLOCKS = YES;
				GCC_WARN_64_TO_32_BIT_CONVERSION = YES;
				GCC_WARN_ABOUT_RETURN_TYPE = YES_ERROR;
				GCC_WARN_UNDECLARED_SELECTOR = YES;
				GCC_WARN_UNINITIALIZED_AUTOS = YES_AGGRESSIVE;
				GCC_WARN_UNUSED_FUNCTION = YES;
				GCC_WARN_UNUSED_VARIABLE = YES;
				IPHONEOS_DEPLOYMENT_TARGET = 13.6;
				MTL_ENABLE_DEBUG_INFO = NO;
				MTL_FAST_MATH = YES;
				SDKROOT = iphoneos;
				VALIDATE_PRODUCT = YES;
			};
			name = Release;
		};
		36E40D392576D52D00CDFA64 /* Debug */ = {
			isa = XCBuildConfiguration;
			buildSettings = {
				ASSETCATALOG_COMPILER_APPICON_NAME = AppIcon;
				CODE_SIGN_STYLE = Automatic;
				DEVELOPMENT_TEAM = ZF45BMY3TP;
				INFOPLIST_FILE = BankersRounding/Info.plist;
				LD_RUNPATH_SEARCH_PATHS = (
					"$(inherited)",
					"@executable_path/Frameworks",
				);
				PRODUCT_BUNDLE_IDENTIFIER = com.squareup.BankersRounding;
				PRODUCT_NAME = "$(TARGET_NAME)";
				TARGETED_DEVICE_FAMILY = "1,2";
			};
			name = Debug;
		};
		36E40D3A2576D52D00CDFA64 /* Release */ = {
			isa = XCBuildConfiguration;
			buildSettings = {
				ASSETCATALOG_COMPILER_APPICON_NAME = AppIcon;
				CODE_SIGN_STYLE = Automatic;
				DEVELOPMENT_TEAM = ZF45BMY3TP;
				INFOPLIST_FILE = BankersRounding/Info.plist;
				LD_RUNPATH_SEARCH_PATHS = (
					"$(inherited)",
					"@executable_path/Frameworks",
				);
				PRODUCT_BUNDLE_IDENTIFIER = com.squareup.BankersRounding;
				PRODUCT_NAME = "$(TARGET_NAME)";
				TARGETED_DEVICE_FAMILY = "1,2";
			};
			name = Release;
		};
		36E40D3C2576D52D00CDFA64 /* Debug */ = {
			isa = XCBuildConfiguration;
			buildSettings = {
				BUNDLE_LOADER = "$(TEST_HOST)";
				CODE_SIGN_STYLE = Automatic;
				INFOPLIST_FILE = BankersRoundingTests/Info.plist;
				IPHONEOS_DEPLOYMENT_TARGET = 13.6;
				LD_RUNPATH_SEARCH_PATHS = (
					"$(inherited)",
					"@executable_path/Frameworks",
					"@loader_path/Frameworks",
				);
				PRODUCT_BUNDLE_IDENTIFIER = com.squareup.BankersRoundingTests;
				PRODUCT_NAME = "$(TARGET_NAME)";
				TARGETED_DEVICE_FAMILY = "1,2";
				TEST_HOST = "$(BUILT_PRODUCTS_DIR)/BankersRounding.app/BankersRounding";
			};
			name = Debug;
		};
		36E40D3D2576D52D00CDFA64 /* Release */ = {
			isa = XCBuildConfiguration;
			buildSettings = {
				BUNDLE_LOADER = "$(TEST_HOST)";
				CODE_SIGN_STYLE = Automatic;
				INFOPLIST_FILE = BankersRoundingTests/Info.plist;
				IPHONEOS_DEPLOYMENT_TARGET = 13.6;
				LD_RUNPATH_SEARCH_PATHS = (
					"$(inherited)",
					"@executable_path/Frameworks",
					"@loader_path/Frameworks",
				);
				PRODUCT_BUNDLE_IDENTIFIER = com.squareup.BankersRoundingTests;
				PRODUCT_NAME = "$(TARGET_NAME)";
				TARGETED_DEVICE_FAMILY = "1,2";
				TEST_HOST = "$(BUILT_PRODUCTS_DIR)/BankersRounding.app/BankersRounding";
			};
			name = Release;
		};
/* End XCBuildConfiguration section */

/* Begin XCConfigurationList section */
		36E40D0F2576D52C00CDFA64 /* Build configuration list for PBXProject "BankersRounding" */ = {
			isa = XCConfigurationList;
			buildConfigurations = (
				36E40D362576D52D00CDFA64 /* Debug */,
				36E40D372576D52D00CDFA64 /* Release */,
			);
			defaultConfigurationIsVisible = 0;
			defaultConfigurationName = Release;
		};
		36E40D382576D52D00CDFA64 /* Build configuration list for PBXNativeTarget "BankersRounding" */ = {
			isa = XCConfigurationList;
			buildConfigurations = (
				36E40D392576D52D00CDFA64 /* Debug */,
				36E40D3A2576D52D00CDFA64 /* Release */,
			);
			defaultConfigurationIsVisible = 0;
			defaultConfigurationName = Release;
		};
		36E40D3B2576D52D00CDFA64 /* Build configuration list for PBXNativeTarget "BankersRoundingTests" */ = {
			isa = XCConfigurationList;
			buildConfigurations = (
				36E40D3C2576D52D00CDFA64 /* Debug */,
				36E40D3D2576D52D00CDFA64 /* Release */,
			);
			defaultConfigurationIsVisible = 0;
			defaultConfigurationName = Release;
		};
/* End XCConfigurationList section */
	};
	rootObject = 36E40D0C2576D52C00CDFA64 /* Project object */;
}
